
Microsoft Visual Studio Solution File, Format Version 12.00
# Visual Studio Version 17
VisualStudioVersion = 17.7.33808.371
MinimumVisualStudioVersion = 10.0.40219.1
Project("{FAE04EC0-301F-11D3-BF4B-00C04F79EFBC}") = "GBGTechnicalTask.Api", "GBGTechnicalTask.Api\GBGTechnicalTask.Api.csproj", "{7900A4C5-22CB-4944-A7AD-BAE24AC2DF79}"
EndProject
Project("{FAE04EC0-301F-11D3-BF4B-00C04F79EFBC}") = "GBGTechnicalTask.Data", "GBGTechnicalTask.Data\GBGTechnicalTask.Data.csproj", "{08D2675A-87F2-4184-A81E-25DEAE166840}"
EndProject
Project("{FAE04EC0-301F-11D3-BF4B-00C04F79EFBC}") = "GBGTechnicalTask.Infrastructure", "GBGTechnicalTask.Infrastructure\GBGTechnicalTask.Infrastructure.csproj", "{C883A32E-7035-4C2A-B694-038CEF1F5982}"
EndProject
Project("{FAE04EC0-301F-11D3-BF4B-00C04F79EFBC}") = "GBGTechnicalTask.Service", "GBGTechnicalTask.Service\GBGTechnicalTask.Service.csproj", "{4141FCCF-65E3-49A8-A0B8-30B6A82AC823}"
EndProject
Project("{FAE04EC0-301F-11D3-BF4B-00C04F79EFBC}") = "GBGTechnicalTask.Core", "GBGTechnicalTask.Core\GBGTechnicalTask.Core.csproj", "{3BEE247C-B79B-47FB-9032-1843B751C2DE}"
EndProject
Global
	GlobalSection(SolutionConfigurationPlatforms) = preSolution
		Debug|Any CPU = Debug|Any CPU
		Release|Any CPU = Release|Any CPU
	EndGlobalSection
	GlobalSection(ProjectConfigurationPlatforms) = postSolution
		{7900A4C5-22CB-4944-A7AD-BAE24AC2DF79}.Debug|Any CPU.ActiveCfg = Debug|Any CPU
		{7900A4C5-22CB-4944-A7AD-BAE24AC2DF79}.Debug|Any CPU.Build.0 = Debug|Any CPU
		{7900A4C5-22CB-4944-A7AD-BAE24AC2DF79}.Release|Any CPU.ActiveCfg = Release|Any CPU
		{7900A4C5-22CB-4944-A7AD-BAE24AC2DF79}.Release|Any CPU.Build.0 = Release|Any CPU
		{08D2675A-87F2-4184-A81E-25DEAE166840}.Debug|Any CPU.ActiveCfg = Debug|Any CPU
		{08D2675A-87F2-4184-A81E-25DEAE166840}.Debug|Any CPU.Build.0 = Debug|Any CPU
		{08D2675A-87F2-4184-A81E-25DEAE166840}.Release|Any CPU.ActiveCfg = Release|Any CPU
		{08D2675A-87F2-4184-A81E-25DEAE166840}.Release|Any CPU.Build.0 = Release|Any CPU
		{C883A32E-7035-4C2A-B694-038CEF1F5982}.Debug|Any CPU.ActiveCfg = Debug|Any CPU
		{C883A32E-7035-4C2A-B694-038CEF1F5982}.Debug|Any CPU.Build.0 = Debug|Any CPU
		{C883A32E-7035-4C2A-B694-038CEF1F5982}.Release|Any CPU.ActiveCfg = Release|Any CPU
		{C883A32E-7035-4C2A-B694-038CEF1F5982}.Release|Any CPU.Build.0 = Release|Any CPU
		{4141FCCF-65E3-49A8-A0B8-30B6A82AC823}.Debug|Any CPU.ActiveCfg = Debug|Any CPU
		{4141FCCF-65E3-49A8-A0B8-30B6A82AC823}.Debug|Any CPU.Build.0 = Debug|Any CPU
		{4141FCCF-65E3-49A8-A0B8-30B6A82AC823}.Release|Any CPU.ActiveCfg = Release|Any CPU
		{4141FCCF-65E3-49A8-A0B8-30B6A82AC823}.Release|Any CPU.Build.0 = Release|Any CPU
		{3BEE247C-B79B-47FB-9032-1843B751C2DE}.Debug|Any CPU.ActiveCfg = Debug|Any CPU
		{3BEE247C-B79B-47FB-9032-1843B751C2DE}.Debug|Any CPU.Build.0 = Debug|Any CPU
		{3BEE247C-B79B-47FB-9032-1843B751C2DE}.Release|Any CPU.ActiveCfg = Release|Any CPU
		{3BEE247C-B79B-47FB-9032-1843B751C2DE}.Release|Any CPU.Build.0 = Release|Any CPU
	EndGlobalSection
	GlobalSection(SolutionProperties) = preSolution
		HideSolutionNode = FALSE
	EndGlobalSection
	GlobalSection(ExtensibilityGlobals) = postSolution
		SolutionGuid = {9A22C298-BCD8-4292-8852-3253B3F49E5A}
	EndGlobalSection
EndGlobal
